
Microsoft Visual Studio Solution File, Format Version 12.00
# Visual Studio Version 16
VisualStudioVersion = 16.0.29021.104
MinimumVisualStudioVersion = 10.0.40219.1
Project("{8BC9CEB8-8B4A-11D0-8D11-00A0C91BC942}") = "Firefox_Decrypt", "Firefox_Decrypt\Firefox_Decrypt.vcxproj", "{8479A4CF-39C2-4395-8B43-E3E2BC66A324}"
EndProject
Global
	GlobalSection(SolutionConfigurationPlatforms) = preSolution
		Debug|x64 = Debug|x64
		Debug|x86 = Debug|x86
		Release|x64 = Release|x64
		Release|x86 = Release|x86
	EndGlobalSection
	GlobalSection(ProjectConfigurationPlatforms) = postSolution
		{8479A4CF-39C2-4395-8B43-E3E2BC66A324}.Debug|x64.ActiveCfg = Debug|x64
		{8479A4CF-39C2-4395-8B43-E3E2BC66A324}.Debug|x64.Build.0 = Debug|x64
		{8479A4CF-39C2-4395-8B43-E3E2BC66A324}.Debug|x86.ActiveCfg = Debug|Win32
		{8479A4CF-39C2-4395-8B43-E3E2BC66A324}.Debug|x86.Build.0 = Debug|Win32
		{8479A4CF-39C2-4395-8B43-E3E2BC66A324}.Release|x64.ActiveCfg = Release|x64
		{8479A4CF-39C2-4395-8B43-E3E2BC66A324}.Release|x64.Build.0 = Release|x64
		{8479A4CF-39C2-4395-8B43-E3E2BC66A324}.Release|x86.ActiveCfg = Release|Win32
		{8479A4CF-39C2-4395-8B43-E3E2BC66A324}.Release|x86.Build.0 = Release|Win32
	EndGlobalSection
	GlobalSection(SolutionProperties) = preSolution
		HideSolutionNode = FALSE
	EndGlobalSection
	GlobalSection(ExtensibilityGlobals) = postSolution
		SolutionGuid = {56C98045-37FF-4651-B16B-250CB3BFC44E}
	EndGlobalSection
EndGlobal
